// !$*UTF8*$!
{
	archiveVersion = 1;
	classes = {
	};
	objectVersion = 46;
	objects = {

/* Begin PBXBuildFile section */
		501A98541D7900A900B428E5 /* main.m in Sources */ = {isa = PBXBuildFile; fileRef = 501A98531D7900A900B428E5 /* main.m */; };
		501A98571D7900A900B428E5 /* AppDelegate.m in Sources */ = {isa = PBXBuildFile; fileRef = 501A98561D7900A900B428E5 /* AppDelegate.m */; };
		501A985A1D7900A900B428E5 /* ViewController.m in Sources */ = {isa = PBXBuildFile; fileRef = 501A98591D7900A900B428E5 /* ViewController.m */; };
		501A985D1D7900A900B428E5 /* Main.storyboard in Resources */ = {isa = PBXBuildFile; fileRef = 501A985B1D7900A900B428E5 /* Main.storyboard */; };
		501A985F1D7900A900B428E5 /* Assets.xcassets in Resources */ = {isa = PBXBuildFile; fileRef = 501A985E1D7900A900B428E5 /* Assets.xcassets */; };
		501A98621D7900A900B428E5 /* LaunchScreen.storyboard in Resources */ = {isa = PBXBuildFile; fileRef = 501A98601D7900A900B428E5 /* LaunchScreen.storyboard */; };
		501A986D1D7900A900B428E5 /* circleDemoTests.m in Sources */ = {isa = PBXBuildFile; fileRef = 501A986C1D7900A900B428E5 /* circleDemoTests.m */; };
		501A98781D7900A900B428E5 /* circleDemoUITests.m in Sources */ = {isa = PBXBuildFile; fileRef = 501A98771D7900A900B428E5 /* circleDemoUITests.m */; };
/* End PBXBuildFile section */

/* Begin PBXContainerItemProxy section */
		501A98691D7900A900B428E5 /* PBXContainerItemProxy */ = {
			isa = PBXContainerItemProxy;
			containerPortal = 501A98471D7900A900B428E5 /* Project object */;
			proxyType = 1;
			remoteGlobalIDString = 501A984E1D7900A900B428E5;
			remoteInfo = circleDemo;
		};
		501A98741D7900A900B428E5 /* PBXContainerItemProxy */ = {
			isa = PBXContainerItemProxy;
			containerPortal = 501A98471D7900A900B428E5 /* Project object */;
			proxyType = 1;
			remoteGlobalIDString = 501A984E1D7900A900B428E5;
			remoteInfo = circleDemo;
		};
/* End PBXContainerItemProxy section */

/* Begin PBXFileReference section */
		501A984F1D7900A900B428E5 /* circleDemo.app */ = {isa = PBXFileReference; explicitFileType = wrapper.application; includeInIndex = 0; path = circleDemo.app; sourceTree = BUILT_PRODUCTS_DIR; };
		501A98531D7900A900B428E5 /* main.m */ = {isa = PBXFileReference; lastKnownFileType = sourcecode.c.objc; path = main.m; sourceTree = "<group>"; };
		501A98551D7900A900B428E5 /* AppDelegate.h */ = {isa = PBXFileReference; lastKnownFileType = sourcecode.c.h; path = AppDelegate.h; sourceTree = "<group>"; };
		501A98561D7900A900B428E5 /* AppDelegate.m */ = {isa = PBXFileReference; lastKnownFileType = sourcecode.c.objc; path = AppDelegate.m; sourceTree = "<group>"; };
		501A98581D7900A900B428E5 /* ViewController.h */ = {isa = PBXFileReference; lastKnownFileType = sourcecode.c.h; path = ViewController.h; sourceTree = "<group>"; };
		501A98591D7900A900B428E5 /* ViewController.m */ = {isa = PBXFileReference; lastKnownFileType = sourcecode.c.objc; path = ViewController.m; sourceTree = "<group>"; };
		501A985C1D7900A900B428E5 /* Base */ = {isa = PBXFileReference; lastKnownFileType = file.storyboard; name = Base; path = Base.lproj/Main.storyboard; sourceTree = "<group>"; };
		501A985E1D7900A900B428E5 /* Assets.xcassets */ = {isa = PBXFileReference; lastKnownFileType = folder.assetcatalog; path = Assets.xcassets; sourceTree = "<group>"; };
		501A98611D7900A900B428E5 /* Base */ = {isa = PBXFileReference; lastKnownFileType = file.storyboard; name = Base; path = Base.lproj/LaunchScreen.storyboard; sourceTree = "<group>"; };
		501A98631D7900A900B428E5 /* Info.plist */ = {isa = PBXFileReference; lastKnownFileType = text.plist.xml; path = Info.plist; sourceTree = "<group>"; };
		501A98681D7900A900B428E5 /* circleDemoTests.xctest */ = {isa = PBXFileReference; explicitFileType = wrapper.cfbundle; includeInIndex = 0; path = circleDemoTests.xctest; sourceTree = BUILT_PRODUCTS_DIR; };
		501A986C1D7900A900B428E5 /* circleDemoTests.m */ = {isa = PBXFileReference; lastKnownFileType = sourcecode.c.objc; path = circleDemoTests.m; sourceTree = "<group>"; };
		501A986E1D7900A900B428E5 /* Info.plist */ = {isa = PBXFileReference; lastKnownFileType = text.plist.xml; path = Info.plist; sourceTree = "<group>"; };
		501A98731D7900A900B428E5 /* circleDemoUITests.xctest */ = {isa = PBXFileReference; explicitFileType = wrapper.cfbundle; includeInIndex = 0; path = circleDemoUITests.xctest; sourceTree = BUILT_PRODUCTS_DIR; };
		501A98771D7900A900B428E5 /* circleDemoUITests.m */ = {isa = PBXFileReference; lastKnownFileType = sourcecode.c.objc; path = circleDemoUITests.m; sourceTree = "<group>"; };
		501A98791D7900A900B428E5 /* Info.plist */ = {isa = PBXFileReference; lastKnownFileType = text.plist.xml; path = Info.plist; sourceTree = "<group>"; };
/* End PBXFileReference section */

/* Begin PBXFrameworksBuildPhase section */
		501A984C1D7900A900B428E5 /* Frameworks */ = {
			isa = PBXFrameworksBuildPhase;
			buildActionMask = 2147483647;
			files = (
			);
			runOnlyForDeploymentPostprocessing = 0;
		};
		501A98651D7900A900B428E5 /* Frameworks */ = {
			isa = PBXFrameworksBuildPhase;
			buildActionMask = 2147483647;
			files = (
			);
			runOnlyForDeploymentPostprocessing = 0;
		};
		501A98701D7900A900B428E5 /* Frameworks */ = {
			isa = PBXFrameworksBuildPhase;
			buildActionMask = 2147483647;
			files = (
			);
			runOnlyForDeploymentPostprocessing = 0;
		};
/* End PBXFrameworksBuildPhase section */

/* Begin PBXGroup section */
		501A98461D7900A900B428E5 = {
			isa = PBXGroup;
			children = (
				501A98511D7900A900B428E5 /* circleDemo */,
				501A986B1D7900A900B428E5 /* circleDemoTests */,
				501A98761D7900A900B428E5 /* circleDemoUITests */,
				501A98501D7900A900B428E5 /* Products */,
			);
			sourceTree = "<group>";
		};
		501A98501D7900A900B428E5 /* Products */ = {
			isa = PBXGroup;
			children = (
				501A984F1D7900A900B428E5 /* circleDemo.app */,
				501A98681D7900A900B428E5 /* circleDemoTests.xctest */,
				501A98731D7900A900B428E5 /* circleDemoUITests.xctest */,
			);
			name = Products;
			sourceTree = "<group>";
		};
		501A98511D7900A900B428E5 /* circleDemo */ = {
			isa = PBXGroup;
			children = (
				501A98551D7900A900B428E5 /* AppDelegate.h */,
				501A98561D7900A900B428E5 /* AppDelegate.m */,
				501A98581D7900A900B428E5 /* ViewController.h */,
				501A98591D7900A900B428E5 /* ViewController.m */,
				501A985B1D7900A900B428E5 /* Main.storyboard */,
				501A985E1D7900A900B428E5 /* Assets.xcassets */,
				501A98601D7900A900B428E5 /* LaunchScreen.storyboard */,
				501A98631D7900A900B428E5 /* Info.plist */,
				501A98521D7900A900B428E5 /* Supporting Files */,
			);
			path = circleDemo;
			sourceTree = "<group>";
		};
		501A98521D7900A900B428E5 /* Supporting Files */ = {
			isa = PBXGroup;
			children = (
				501A98531D7900A900B428E5 /* main.m */,
			);
			name = "Supporting Files";
			sourceTree = "<group>";
		};
		501A986B1D7900A900B428E5 /* circleDemoTests */ = {
			isa = PBXGroup;
			children = (
				501A986C1D7900A900B428E5 /* circleDemoTests.m */,
				501A986E1D7900A900B428E5 /* Info.plist */,
			);
			path = circleDemoTests;
			sourceTree = "<group>";
		};
		501A98761D7900A900B428E5 /* circleDemoUITests */ = {
			isa = PBXGroup;
			children = (
				501A98771D7900A900B428E5 /* circleDemoUITests.m */,
				501A98791D7900A900B428E5 /* Info.plist */,
			);
			path = circleDemoUITests;
			sourceTree = "<group>";
		};
/* End PBXGroup section */

/* Begin PBXNativeTarget section */
		501A984E1D7900A900B428E5 /* circleDemo */ = {
			isa = PBXNativeTarget;
			buildConfigurationList = 501A987C1D7900A900B428E5 /* Build configuration list for PBXNativeTarget "circleDemo" */;
			buildPhases = (
				501A984B1D7900A900B428E5 /* Sources */,
				501A984C1D7900A900B428E5 /* Frameworks */,
				501A984D1D7900A900B428E5 /* Resources */,
			);
			buildRules = (
			);
			dependencies = (
			);
			name = circleDemo;
			productName = circleDemo;
			productReference = 501A984F1D7900A900B428E5 /* circleDemo.app */;
			productType = "com.apple.product-type.application";
		};
		501A98671D7900A900B428E5 /* circleDemoTests */ = {
			isa = PBXNativeTarget;
			buildConfigurationList = 501A987F1D7900A900B428E5 /* Build configuration list for PBXNativeTarget "circleDemoTests" */;
			buildPhases = (
				501A98641D7900A900B428E5 /* Sources */,
				501A98651D7900A900B428E5 /* Frameworks */,
				501A98661D7900A900B428E5 /* Resources */,
			);
			buildRules = (
			);
			dependencies = (
				501A986A1D7900A900B428E5 /* PBXTargetDependency */,
			);
			name = circleDemoTests;
			productName = circleDemoTests;
			productReference = 501A98681D7900A900B428E5 /* circleDemoTests.xctest */;
			productType = "com.apple.product-type.bundle.unit-test";
		};
		501A98721D7900A900B428E5 /* circleDemoUITests */ = {
			isa = PBXNativeTarget;
			buildConfigurationList = 501A98821D7900A900B428E5 /* Build configuration list for PBXNativeTarget "circleDemoUITests" */;
			buildPhases = (
				501A986F1D7900A900B428E5 /* Sources */,
				501A98701D7900A900B428E5 /* Frameworks */,
				501A98711D7900A900B428E5 /* Resources */,
			);
			buildRules = (
			);
			dependencies = (
				501A98751D7900A900B428E5 /* PBXTargetDependency */,
			);
			name = circleDemoUITests;
			productName = circleDemoUITests;
			productReference = 501A98731D7900A900B428E5 /* circleDemoUITests.xctest */;
			productType = "com.apple.product-type.bundle.ui-testing";
		};
/* End PBXNativeTarget section */

/* Begin PBXProject section */
		501A98471D7900A900B428E5 /* Project object */ = {
			isa = PBXProject;
			attributes = {
				LastUpgradeCheck = 0730;
				ORGANIZATIONNAME = "吴凡";
				TargetAttributes = {
					501A984E1D7900A900B428E5 = {
						CreatedOnToolsVersion = 7.3;
					};
					501A98671D7900A900B428E5 = {
						CreatedOnToolsVersion = 7.3;
						TestTargetID = 501A984E1D7900A900B428E5;
					};
					501A98721D7900A900B428E5 = {
						CreatedOnToolsVersion = 7.3;
						TestTargetID = 501A984E1D7900A900B428E5;
					};
				};
			};
			buildConfigurationList = 501A984A1D7900A900B428E5 /* Build configuration list for PBXProject "circleDemo" */;
			compatibilityVersion = "Xcode 3.2";
			developmentRegion = English;
			hasScannedForEncodings = 0;
			knownRegions = (
				en,
				Base,
			);
			mainGroup = 501A98461D7900A900B428E5;
			productRefGroup = 501A98501D7900A900B428E5 /* Products */;
			projectDirPath = "";
			projectRoot = "";
			targets = (
				501A984E1D7900A900B428E5 /* circleDemo */,
				501A98671D7900A900B428E5 /* circleDemoTests */,
				501A98721D7900A900B428E5 /* circleDemoUITests */,
			);
		};
/* End PBXProject section */

/* Begin PBXResourcesBuildPhase section */
		501A984D1D7900A900B428E5 /* Resources */ = {
			isa = PBXResourcesBuildPhase;
			buildActionMask = 2147483647;
			files = (
				501A98621D7900A900B428E5 /* LaunchScreen.storyboard in Resources */,
				501A985F1D7900A900B428E5 /* Assets.xcassets in Resources */,
				501A985D1D7900A900B428E5 /* Main.storyboard in Resources */,
			);
			runOnlyForDeploymentPostprocessing = 0;
		};
		501A98661D7900A900B428E5 /* Resources */ = {
			isa = PBXResourcesBuildPhase;
			buildActionMask = 2147483647;
			files = (
			);
			runOnlyForDeploymentPostprocessing = 0;
		};
		501A98711D7900A900B428E5 /* Resources */ = {
			isa = PBXResourcesBuildPhase;
			buildActionMask = 2147483647;
			files = (
			);
			runOnlyForDeploymentPostprocessing = 0;
		};
/* End PBXResourcesBuildPhase section */

/* Begin PBXSourcesBuildPhase section */
		501A984B1D7900A900B428E5 /* Sources */ = {
			isa = PBXSourcesBuildPhase;
			buildActionMask = 2147483647;
			files = (
				501A985A1D7900A900B428E5 /* ViewController.m in Sources */,
				501A98571D7900A900B428E5 /* AppDelegate.m in Sources */,
				501A98541D7900A900B428E5 /* main.m in Sources */,
			);
			runOnlyForDeploymentPostprocessing = 0;
		};
		501A98641D7900A900B428E5 /* Sources */ = {
			isa = PBXSourcesBuildPhase;
			buildActionMask = 2147483647;
			files = (
				501A986D1D7900A900B428E5 /* circleDemoTests.m in Sources */,
			);
			runOnlyForDeploymentPostprocessing = 0;
		};
		501A986F1D7900A900B428E5 /* Sources */ = {
			isa = PBXSourcesBuildPhase;
			buildActionMask = 2147483647;
			files = (
				501A98781D7900A900B428E5 /* circleDemoUITests.m in Sources */,
			);
			runOnlyForDeploymentPostprocessing = 0;
		};
/* End PBXSourcesBuildPhase section */

/* Begin PBXTargetDependency section */
		501A986A1D7900A900B428E5 /* PBXTargetDependency */ = {
			isa = PBXTargetDependency;
			target = 501A984E1D7900A900B428E5 /* circleDemo */;
			targetProxy = 501A98691D7900A900B428E5 /* PBXContainerItemProxy */;
		};
		501A98751D7900A900B428E5 /* PBXTargetDependency */ = {
			isa = PBXTargetDependency;
			target = 501A984E1D7900A900B428E5 /* circleDemo */;
			targetProxy = 501A98741D7900A900B428E5 /* PBXContainerItemProxy */;
		};
/* End PBXTargetDependency section */

/* Begin PBXVariantGroup section */
		501A985B1D7900A900B428E5 /* Main.storyboard */ = {
			isa = PBXVariantGroup;
			children = (
				501A985C1D7900A900B428E5 /* Base */,
			);
			name = Main.storyboard;
			sourceTree = "<group>";
		};
		501A98601D7900A900B428E5 /* LaunchScreen.storyboard */ = {
			isa = PBXVariantGroup;
			children = (
				501A98611D7900A900B428E5 /* Base */,
			);
			name = LaunchScreen.storyboard;
			sourceTree = "<group>";
		};
/* End PBXVariantGroup section */

/* Begin XCBuildConfiguration section */
		501A987A1D7900A900B428E5 /* Debug */ = {
			isa = XCBuildConfiguration;
			buildSettings = {
				ALWAYS_SEARCH_USER_PATHS = NO;
				CLANG_ANALYZER_NONNULL = YES;
				CLANG_CXX_LANGUAGE_STANDARD = "gnu++0x";
				CLANG_CXX_LIBRARY = "libc++";
				CLANG_ENABLE_MODULES = YES;
				CLANG_ENABLE_OBJC_ARC = YES;
				CLANG_WARN_BOOL_CONVERSION = YES;
				CLANG_WARN_CONSTANT_CONVERSION = YES;
				CLANG_WARN_DIRECT_OBJC_ISA_USAGE = YES_ERROR;
				CLANG_WARN_EMPTY_BODY = YES;
				CLANG_WARN_ENUM_CONVERSION = YES;
				CLANG_WARN_INT_CONVERSION = YES;
				CLANG_WARN_OBJC_ROOT_CLASS = YES_ERROR;
				CLANG_WARN_UNREACHABLE_CODE = YES;
				CLANG_WARN__DUPLICATE_METHOD_MATCH = YES;
				"CODE_SIGN_IDENTITY[sdk=iphoneos*]" = "iPhone Developer";
				COPY_PHASE_STRIP = NO;
				DEBUG_INFORMATION_FORMAT = dwarf;
				ENABLE_STRICT_OBJC_MSGSEND = YES;
				ENABLE_TESTABILITY = YES;
				GCC_C_LANGUAGE_STANDARD = gnu99;
				GCC_DYNAMIC_NO_PIC = NO;
				GCC_NO_COMMON_BLOCKS = YES;
				GCC_OPTIMIZATION_LEVEL = 0;
				GCC_PREPROCESSOR_DEFINITIONS = (
					"DEBUG=1",
					"$(inherited)",
				);
				GCC_WARN_64_TO_32_BIT_CONVERSION = YES;
				GCC_WARN_ABOUT_RETURN_TYPE = YES_ERROR;
				GCC_WARN_UNDECLARED_SELECTOR = YES;
				GCC_WARN_UNINITIALIZED_AUTOS = YES_AGGRESSIVE;
				GCC_WARN_UNUSED_FUNCTION = YES;
				GCC_WARN_UNUSED_VARIABLE = YES;
				IPHONEOS_DEPLOYMENT_TARGET = 9.3;
				MTL_ENABLE_DEBUG_INFO = YES;
				ONLY_ACTIVE_ARCH = YES;
				SDKROOT = iphoneos;
				TARGETED_DEVICE_FAMILY = "1,2";
			};
			name = Debug;
		};
		501A987B1D7900A900B428E5 /* Release */ = {
			isa = XCBuildConfiguration;
			buildSettings = {
				ALWAYS_SEARCH_USER_PATHS = NO;
				CLANG_ANALYZER_NONNULL = YES;
				CLANG_CXX_LANGUAGE_STANDARD = "gnu++0x";
				CLANG_CXX_LIBRARY = "libc++";
				CLANG_ENABLE_MODULES = YES;
				CLANG_ENABLE_OBJC_ARC = YES;
				CLANG_WARN_BOOL_CONVERSION = YES;
				CLANG_WARN_CONSTANT_CONVERSION = YES;
				CLANG_WARN_DIRECT_OBJC_ISA_USAGE = YES_ERROR;
				CLANG_WARN_EMPTY_BODY = YES;
				CLANG_WARN_ENUM_CONVERSION = YES;
				CLANG_WARN_INT_CONVERSION = YES;
				CLANG_WARN_OBJC_ROOT_CLASS = YES_ERROR;
				CLANG_WARN_UNREACHABLE_CODE = YES;
				CLANG_WARN__DUPLICATE_METHOD_MATCH = YES;
				"CODE_SIGN_IDENTITY[sdk=iphoneos*]" = "iPhone Developer";
				COPY_PHASE_STRIP = NO;
				DEBUG_INFORMATION_FORMAT = "dwarf-with-dsym";
				ENABLE_NS_ASSERTIONS = NO;
				ENABLE_STRICT_OBJC_MSGSEND = YES;
				GCC_C_LANGUAGE_STANDARD = gnu99;
				GCC_NO_COMMON_BLOCKS = YES;
				GCC_WARN_64_TO_32_BIT_CONVERSION = YES;
				GCC_WARN_ABOUT_RETURN_TYPE = YES_ERROR;
				GCC_WARN_UNDECLARED_SELECTOR = YES;
				GCC_WARN_UNINITIALIZED_AUTOS = YES_AGGRESSIVE;
				GCC_WARN_UNUSED_FUNCTION = YES;
				GCC_WARN_UNUSED_VARIABLE = YES;
				IPHONEOS_DEPLOYMENT_TARGET = 9.3;
				MTL_ENABLE_DEBUG_INFO = NO;
				SDKROOT = iphoneos;
				TARGETED_DEVICE_FAMILY = "1,2";
				VALIDATE_PRODUCT = YES;
			};
			name = Release;
		};
		501A987D1D7900A900B428E5 /* Debug */ = {
			isa = XCBuildConfiguration;
			buildSettings = {
				ASSETCATALOG_COMPILER_APPICON_NAME = AppIcon;
				INFOPLIST_FILE = circleDemo/Info.plist;
				LD_RUNPATH_SEARCH_PATHS = "$(inherited) @executable_path/Frameworks";
				PRODUCT_BUNDLE_IDENTIFIER = "-23.circleDemo";
				PRODUCT_NAME = "$(TARGET_NAME)";
			};
			name = Debug;
		};
		501A987E1D7900A900B428E5 /* Release */ = {
			isa = XCBuildConfiguration;
			buildSettings = {
				ASSETCATALOG_COMPILER_APPICON_NAME = AppIcon;
				INFOPLIST_FILE = circleDemo/Info.plist;
				LD_RUNPATH_SEARCH_PATHS = "$(inherited) @executable_path/Frameworks";
				PRODUCT_BUNDLE_IDENTIFIER = "-23.circleDemo";
				PRODUCT_NAME = "$(TARGET_NAME)";
			};
			name = Release;
		};
		501A98801D7900A900B428E5 /* Debug */ = {
			isa = XCBuildConfiguration;
			buildSettings = {
				BUNDLE_LOADER = "$(TEST_HOST)";
				INFOPLIST_FILE = circleDemoTests/Info.plist;
				LD_RUNPATH_SEARCH_PATHS = "$(inherited) @executable_path/Frameworks @loader_path/Frameworks";
				PRODUCT_BUNDLE_IDENTIFIER = "-23.circleDemoTests";
				PRODUCT_NAME = "$(TARGET_NAME)";
				TEST_HOST = "$(BUILT_PRODUCTS_DIR)/circleDemo.app/circleDemo";
			};
			name = Debug;
		};
		501A98811D7900A900B428E5 /* Release */ = {
			isa = XCBuildConfiguration;
			buildSettings = {
				BUNDLE_LOADER = "$(TEST_HOST)";
				INFOPLIST_FILE = circleDemoTests/Info.plist;
				LD_RUNPATH_SEARCH_PATHS = "$(inherited) @executable_path/Frameworks @loader_path/Frameworks";
				PRODUCT_BUNDLE_IDENTIFIER = "-23.circleDemoTests";
				PRODUCT_NAME = "$(TARGET_NAME)";
				TEST_HOST = "$(BUILT_PRODUCTS_DIR)/circleDemo.app/circleDemo";
			};
			name = Release;
		};
		501A98831D7900A900B428E5 /* Debug */ = {
			isa = XCBuildConfiguration;
			buildSettings = {
				INFOPLIST_FILE = circleDemoUITests/Info.plist;
				LD_RUNPATH_SEARCH_PATHS = "$(inherited) @executable_path/Frameworks @loader_path/Frameworks";
				PRODUCT_BUNDLE_IDENTIFIER = "-23.circleDemoUITests";
				PRODUCT_NAME = "$(TARGET_NAME)";
				TEST_TARGET_NAME = circleDemo;
			};
			name = Debug;
		};
		501A98841D7900A900B428E5 /* Release */ = {
			isa = XCBuildConfiguration;
			buildSettings = {
				INFOPLIST_FILE = circleDemoUITests/Info.plist;
				LD_RUNPATH_SEARCH_PATHS = "$(inherited) @executable_path/Frameworks @loader_path/Frameworks";
				PRODUCT_BUNDLE_IDENTIFIER = "-23.circleDemoUITests";
				PRODUCT_NAME = "$(TARGET_NAME)";
				TEST_TARGET_NAME = circleDemo;
			};
			name = Release;
		};
/* End XCBuildConfiguration section */

/* Begin XCConfigurationList section */
		501A984A1D7900A900B428E5 /* Build configuration list for PBXProject "circleDemo" */ = {
			isa = XCConfigurationList;
			buildConfigurations = (
				501A987A1D7900A900B428E5 /* Debug */,
				501A987B1D7900A900B428E5 /* Release */,
			);
			defaultConfigurationIsVisible = 0;
			defaultConfigurationName = Release;
		};
		501A987C1D7900A900B428E5 /* Build configuration list for PBXNativeTarget "circleDemo" */ = {
			isa = XCConfigurationList;
			buildConfigurations = (
				501A987D1D7900A900B428E5 /* Debug */,
				501A987E1D7900A900B428E5 /* Release */,
			);
			defaultConfigurationIsVisible = 0;
		};
		501A987F1D7900A900B428E5 /* Build configuration list for PBXNativeTarget "circleDemoTests" */ = {
			isa = XCConfigurationList;
			buildConfigurations = (
				501A98801D7900A900B428E5 /* Debug */,
				501A98811D7900A900B428E5 /* Release */,
			);
			defaultConfigurationIsVisible = 0;
		};
		501A98821D7900A900B428E5 /* Build configuration list for PBXNativeTarget "circleDemoUITests" */ = {
			isa = XCConfigurationList;
			buildConfigurations = (
				501A98831D7900A900B428E5 /* Debug */,
				501A98841D7900A900B428E5 /* Release */,
			);
			defaultConfigurationIsVisible = 0;
		};
/* End XCConfigurationList section */
	};
	rootObject = 501A98471D7900A900B428E5 /* Project object */;
}
